// !$*UTF8*$!
{
	archiveVersion = 1;
	classes = {
	};
	objectVersion = 48;
	objects = {

/* Begin PBXBuildFile section */
		340182B41FD9960B009EC66D /* ShoppingListModule.m in Sources */ = {isa = PBXBuildFile; fileRef = 340182B31FD9960B009EC66D /* ShoppingListModule.m */; };
		340182B71FD99625009EC66D /* ShoppingListDataModel.m in Sources */ = {isa = PBXBuildFile; fileRef = 340182B61FD99625009EC66D /* ShoppingListDataModel.m */; };
		340182BA1FD99F4A009EC66D /* ViewControllerEditRecpie.m in Sources */ = {isa = PBXBuildFile; fileRef = 340182B91FD99F4A009EC66D /* ViewControllerEditRecpie.m */; };
		340182BD1FD9A1A7009EC66D /* ViewControllerEditRecpieItems.m in Sources */ = {isa = PBXBuildFile; fileRef = 340182BC1FD9A1A7009EC66D /* ViewControllerEditRecpieItems.m */; };
		340182C01FD9A4B7009EC66D /* ViewControllerEditRecpieName.m in Sources */ = {isa = PBXBuildFile; fileRef = 340182BF1FD9A4B7009EC66D /* ViewControllerEditRecpieName.m */; };
		3433FB571FBB1D3000FAF429 /* AppDelegate.m in Sources */ = {isa = PBXBuildFile; fileRef = 3433FB561FBB1D3000FAF429 /* AppDelegate.m */; };
		3433FB5A1FBB1D3000FAF429 /* ViewController.m in Sources */ = {isa = PBXBuildFile; fileRef = 3433FB591FBB1D3000FAF429 /* ViewController.m */; };
		3433FB5D1FBB1D3000FAF429 /* Main.storyboard in Resources */ = {isa = PBXBuildFile; fileRef = 3433FB5B1FBB1D3000FAF429 /* Main.storyboard */; };
		3433FB5F1FBB1D3000FAF429 /* Assets.xcassets in Resources */ = {isa = PBXBuildFile; fileRef = 3433FB5E1FBB1D3000FAF429 /* Assets.xcassets */; };
		3433FB621FBB1D3000FAF429 /* LaunchScreen.storyboard in Resources */ = {isa = PBXBuildFile; fileRef = 3433FB601FBB1D3000FAF429 /* LaunchScreen.storyboard */; };
		3433FB651FBB1D3000FAF429 /* main.m in Sources */ = {isa = PBXBuildFile; fileRef = 3433FB641FBB1D3000FAF429 /* main.m */; };
		3433FB6F1FBB1D3100FAF429 /* lets_go_shoppingTests.m in Sources */ = {isa = PBXBuildFile; fileRef = 3433FB6E1FBB1D3100FAF429 /* lets_go_shoppingTests.m */; };
		3433FB7A1FBB1D3100FAF429 /* lets_go_shoppingUITests.m in Sources */ = {isa = PBXBuildFile; fileRef = 3433FB791FBB1D3100FAF429 /* lets_go_shoppingUITests.m */; };
		3472AF1A1FD9B78000929B65 /* ViewControllerAddRecpieItemsToShoppingList.m in Sources */ = {isa = PBXBuildFile; fileRef = 3472AF191FD9B78000929B65 /* ViewControllerAddRecpieItemsToShoppingList.m */; };
		3472AF1D1FD9C43100929B65 /* RecpieModule.m in Sources */ = {isa = PBXBuildFile; fileRef = 3472AF1C1FD9C43100929B65 /* RecpieModule.m */; };
		3472AF201FD9C44900929B65 /* RecpieDataModel.m in Sources */ = {isa = PBXBuildFile; fileRef = 3472AF1F1FD9C44900929B65 /* RecpieDataModel.m */; };
		349217931FD882590040D7AB /* ViewControllerShoppingList.m in Sources */ = {isa = PBXBuildFile; fileRef = 349217921FD882590040D7AB /* ViewControllerShoppingList.m */; };
		349217961FD8920A0040D7AB /* ViewControllerShoppingListItemDetails.m in Sources */ = {isa = PBXBuildFile; fileRef = 349217951FD8920A0040D7AB /* ViewControllerShoppingListItemDetails.m */; };
/* End PBXBuildFile section */

/* Begin PBXContainerItemProxy section */
		3433FB6B1FBB1D3100FAF429 /* PBXContainerItemProxy */ = {
			isa = PBXContainerItemProxy;
			containerPortal = 3433FB4A1FBB1D3000FAF429 /* Project object */;
			proxyType = 1;
			remoteGlobalIDString = 3433FB511FBB1D3000FAF429;
			remoteInfo = "lets go shopping";
		};
		3433FB761FBB1D3100FAF429 /* PBXContainerItemProxy */ = {
			isa = PBXContainerItemProxy;
			containerPortal = 3433FB4A1FBB1D3000FAF429 /* Project object */;
			proxyType = 1;
			remoteGlobalIDString = 3433FB511FBB1D3000FAF429;
			remoteInfo = "lets go shopping";
		};
/* End PBXContainerItemProxy section */

/* Begin PBXFileReference section */
		340182B21FD9960B009EC66D /* ShoppingListModule.h */ = {isa = PBXFileReference; lastKnownFileType = sourcecode.c.h; path = ShoppingListModule.h; sourceTree = "<group>"; };
		340182B31FD9960B009EC66D /* ShoppingListModule.m */ = {isa = PBXFileReference; lastKnownFileType = sourcecode.c.objc; path = ShoppingListModule.m; sourceTree = "<group>"; };
		340182B51FD99625009EC66D /* ShoppingListDataModel.h */ = {isa = PBXFileReference; lastKnownFileType = sourcecode.c.h; path = ShoppingListDataModel.h; sourceTree = "<group>"; };
		340182B61FD99625009EC66D /* ShoppingListDataModel.m */ = {isa = PBXFileReference; lastKnownFileType = sourcecode.c.objc; path = ShoppingListDataModel.m; sourceTree = "<group>"; };
		340182B81FD99F4A009EC66D /* ViewControllerEditRecpie.h */ = {isa = PBXFileReference; lastKnownFileType = sourcecode.c.h; path = ViewControllerEditRecpie.h; sourceTree = "<group>"; };
		340182B91FD99F4A009EC66D /* ViewControllerEditRecpie.m */ = {isa = PBXFileReference; lastKnownFileType = sourcecode.c.objc; path = ViewControllerEditRecpie.m; sourceTree = "<group>"; };
		340182BB1FD9A1A7009EC66D /* ViewControllerEditRecpieItems.h */ = {isa = PBXFileReference; lastKnownFileType = sourcecode.c.h; path = ViewControllerEditRecpieItems.h; sourceTree = "<group>"; };
		340182BC1FD9A1A7009EC66D /* ViewControllerEditRecpieItems.m */ = {isa = PBXFileReference; lastKnownFileType = sourcecode.c.objc; path = ViewControllerEditRecpieItems.m; sourceTree = "<group>"; };
		340182BE1FD9A4B7009EC66D /* ViewControllerEditRecpieName.h */ = {isa = PBXFileReference; lastKnownFileType = sourcecode.c.h; path = ViewControllerEditRecpieName.h; sourceTree = "<group>"; };
		340182BF1FD9A4B7009EC66D /* ViewControllerEditRecpieName.m */ = {isa = PBXFileReference; lastKnownFileType = sourcecode.c.objc; path = ViewControllerEditRecpieName.m; sourceTree = "<group>"; };
		3433FB521FBB1D3000FAF429 /* lets go shopping.app */ = {isa = PBXFileReference; explicitFileType = wrapper.application; includeInIndex = 0; path = "lets go shopping.app"; sourceTree = BUILT_PRODUCTS_DIR; };
		3433FB551FBB1D3000FAF429 /* AppDelegate.h */ = {isa = PBXFileReference; lastKnownFileType = sourcecode.c.h; path = AppDelegate.h; sourceTree = "<group>"; };
		3433FB561FBB1D3000FAF429 /* AppDelegate.m */ = {isa = PBXFileReference; lastKnownFileType = sourcecode.c.objc; path = AppDelegate.m; sourceTree = "<group>"; };
		3433FB581FBB1D3000FAF429 /* ViewController.h */ = {isa = PBXFileReference; lastKnownFileType = sourcecode.c.h; path = ViewController.h; sourceTree = "<group>"; };
		3433FB591FBB1D3000FAF429 /* ViewController.m */ = {isa = PBXFileReference; lastKnownFileType = sourcecode.c.objc; path = ViewController.m; sourceTree = "<group>"; };
		3433FB5C1FBB1D3000FAF429 /* Base */ = {isa = PBXFileReference; lastKnownFileType = file.storyboard; name = Base; path = Base.lproj/Main.storyboard; sourceTree = "<group>"; };
		3433FB5E1FBB1D3000FAF429 /* Assets.xcassets */ = {isa = PBXFileReference; lastKnownFileType = folder.assetcatalog; path = Assets.xcassets; sourceTree = "<group>"; };
		3433FB611FBB1D3000FAF429 /* Base */ = {isa = PBXFileReference; lastKnownFileType = file.storyboard; name = Base; path = Base.lproj/LaunchScreen.storyboard; sourceTree = "<group>"; };
		3433FB631FBB1D3000FAF429 /* Info.plist */ = {isa = PBXFileReference; lastKnownFileType = text.plist.xml; path = Info.plist; sourceTree = "<group>"; };
		3433FB641FBB1D3000FAF429 /* main.m */ = {isa = PBXFileReference; lastKnownFileType = sourcecode.c.objc; path = main.m; sourceTree = "<group>"; };
		3433FB6A1FBB1D3100FAF429 /* lets go shoppingTests.xctest */ = {isa = PBXFileReference; explicitFileType = wrapper.cfbundle; includeInIndex = 0; path = "lets go shoppingTests.xctest"; sourceTree = BUILT_PRODUCTS_DIR; };
		3433FB6E1FBB1D3100FAF429 /* lets_go_shoppingTests.m */ = {isa = PBXFileReference; lastKnownFileType = sourcecode.c.objc; path = lets_go_shoppingTests.m; sourceTree = "<group>"; };
		3433FB701FBB1D3100FAF429 /* Info.plist */ = {isa = PBXFileReference; lastKnownFileType = text.plist.xml; path = Info.plist; sourceTree = "<group>"; };
		3433FB751FBB1D3100FAF429 /* lets go shoppingUITests.xctest */ = {isa = PBXFileReference; explicitFileType = wrapper.cfbundle; includeInIndex = 0; path = "lets go shoppingUITests.xctest"; sourceTree = BUILT_PRODUCTS_DIR; };
		3433FB791FBB1D3100FAF429 /* lets_go_shoppingUITests.m */ = {isa = PBXFileReference; lastKnownFileType = sourcecode.c.objc; path = lets_go_shoppingUITests.m; sourceTree = "<group>"; };
		3433FB7B1FBB1D3100FAF429 /* Info.plist */ = {isa = PBXFileReference; lastKnownFileType = text.plist.xml; path = Info.plist; sourceTree = "<group>"; };
		3472AF181FD9B78000929B65 /* ViewControllerAddRecpieItemsToShoppingList.h */ = {isa = PBXFileReference; lastKnownFileType = sourcecode.c.h; path = ViewControllerAddRecpieItemsToShoppingList.h; sourceTree = "<group>"; };
		3472AF191FD9B78000929B65 /* ViewControllerAddRecpieItemsToShoppingList.m */ = {isa = PBXFileReference; lastKnownFileType = sourcecode.c.objc; path = ViewControllerAddRecpieItemsToShoppingList.m; sourceTree = "<group>"; };
		3472AF1B1FD9C43100929B65 /* RecpieModule.h */ = {isa = PBXFileReference; lastKnownFileType = sourcecode.c.h; path = RecpieModule.h; sourceTree = "<group>"; };
		3472AF1C1FD9C43100929B65 /* RecpieModule.m */ = {isa = PBXFileReference; lastKnownFileType = sourcecode.c.objc; path = RecpieModule.m; sourceTree = "<group>"; };
		3472AF1E1FD9C44900929B65 /* RecpieDataModel.h */ = {isa = PBXFileReference; lastKnownFileType = sourcecode.c.h; path = RecpieDataModel.h; sourceTree = "<group>"; };
		3472AF1F1FD9C44900929B65 /* RecpieDataModel.m */ = {isa = PBXFileReference; lastKnownFileType = sourcecode.c.objc; path = RecpieDataModel.m; sourceTree = "<group>"; };
		349217911FD882590040D7AB /* ViewControllerShoppingList.h */ = {isa = PBXFileReference; lastKnownFileType = sourcecode.c.h; path = ViewControllerShoppingList.h; sourceTree = "<group>"; };
		349217921FD882590040D7AB /* ViewControllerShoppingList.m */ = {isa = PBXFileReference; lastKnownFileType = sourcecode.c.objc; path = ViewControllerShoppingList.m; sourceTree = "<group>"; };
		349217941FD8920A0040D7AB /* ViewControllerShoppingListItemDetails.h */ = {isa = PBXFileReference; lastKnownFileType = sourcecode.c.h; path = ViewControllerShoppingListItemDetails.h; sourceTree = "<group>"; };
		349217951FD8920A0040D7AB /* ViewControllerShoppingListItemDetails.m */ = {isa = PBXFileReference; lastKnownFileType = sourcecode.c.objc; path = ViewControllerShoppingListItemDetails.m; sourceTree = "<group>"; };
/* End PBXFileReference section */

/* Begin PBXFrameworksBuildPhase section */
		3433FB4F1FBB1D3000FAF429 /* Frameworks */ = {
			isa = PBXFrameworksBuildPhase;
			buildActionMask = 2147483647;
			files = (
			);
			runOnlyForDeploymentPostprocessing = 0;
		};
		3433FB671FBB1D3100FAF429 /* Frameworks */ = {
			isa = PBXFrameworksBuildPhase;
			buildActionMask = 2147483647;
			files = (
			);
			runOnlyForDeploymentPostprocessing = 0;
		};
		3433FB721FBB1D3100FAF429 /* Frameworks */ = {
			isa = PBXFrameworksBuildPhase;
			buildActionMask = 2147483647;
			files = (
			);
			runOnlyForDeploymentPostprocessing = 0;
		};
/* End PBXFrameworksBuildPhase section */

/* Begin PBXGroup section */
		3433FB491FBB1D3000FAF429 = {
			isa = PBXGroup;
			children = (
				3433FB541FBB1D3000FAF429 /* lets go shopping */,
				3433FB6D1FBB1D3100FAF429 /* lets go shoppingTests */,
				3433FB781FBB1D3100FAF429 /* lets go shoppingUITests */,
				3433FB531FBB1D3000FAF429 /* Products */,
			);
			sourceTree = "<group>";
		};
		3433FB531FBB1D3000FAF429 /* Products */ = {
			isa = PBXGroup;
			children = (
				3433FB521FBB1D3000FAF429 /* lets go shopping.app */,
				3433FB6A1FBB1D3100FAF429 /* lets go shoppingTests.xctest */,
				3433FB751FBB1D3100FAF429 /* lets go shoppingUITests.xctest */,
			);
			name = Products;
			sourceTree = "<group>";
		};
		3433FB541FBB1D3000FAF429 /* lets go shopping */ = {
			isa = PBXGroup;
			children = (
				3433FB551FBB1D3000FAF429 /* AppDelegate.h */,
				3433FB561FBB1D3000FAF429 /* AppDelegate.m */,
				3433FB581FBB1D3000FAF429 /* ViewController.h */,
				3433FB591FBB1D3000FAF429 /* ViewController.m */,
				349217911FD882590040D7AB /* ViewControllerShoppingList.h */,
				349217921FD882590040D7AB /* ViewControllerShoppingList.m */,
				349217941FD8920A0040D7AB /* ViewControllerShoppingListItemDetails.h */,
				349217951FD8920A0040D7AB /* ViewControllerShoppingListItemDetails.m */,
				340182B81FD99F4A009EC66D /* ViewControllerEditRecpie.h */,
				340182B91FD99F4A009EC66D /* ViewControllerEditRecpie.m */,
				340182BE1FD9A4B7009EC66D /* ViewControllerEditRecpieName.h */,
				340182BF1FD9A4B7009EC66D /* ViewControllerEditRecpieName.m */,
				340182BB1FD9A1A7009EC66D /* ViewControllerEditRecpieItems.h */,
				340182BC1FD9A1A7009EC66D /* ViewControllerEditRecpieItems.m */,
				3472AF181FD9B78000929B65 /* ViewControllerAddRecpieItemsToShoppingList.h */,
				3472AF191FD9B78000929B65 /* ViewControllerAddRecpieItemsToShoppingList.m */,
				3433FB5B1FBB1D3000FAF429 /* Main.storyboard */,
				340182B21FD9960B009EC66D /* ShoppingListModule.h */,
				340182B31FD9960B009EC66D /* ShoppingListModule.m */,
				340182B51FD99625009EC66D /* ShoppingListDataModel.h */,
				340182B61FD99625009EC66D /* ShoppingListDataModel.m */,
				3472AF1B1FD9C43100929B65 /* RecpieModule.h */,
				3472AF1C1FD9C43100929B65 /* RecpieModule.m */,
				3472AF1E1FD9C44900929B65 /* RecpieDataModel.h */,
				3472AF1F1FD9C44900929B65 /* RecpieDataModel.m */,
				3433FB5E1FBB1D3000FAF429 /* Assets.xcassets */,
				3433FB601FBB1D3000FAF429 /* LaunchScreen.storyboard */,
				3433FB631FBB1D3000FAF429 /* Info.plist */,
				3433FB641FBB1D3000FAF429 /* main.m */,
			);
			path = "lets go shopping";
			sourceTree = "<group>";
		};
		3433FB6D1FBB1D3100FAF429 /* lets go shoppingTests */ = {
			isa = PBXGroup;
			children = (
				3433FB6E1FBB1D3100FAF429 /* lets_go_shoppingTests.m */,
				3433FB701FBB1D3100FAF429 /* Info.plist */,
			);
			path = "lets go shoppingTests";
			sourceTree = "<group>";
		};
		3433FB781FBB1D3100FAF429 /* lets go shoppingUITests */ = {
			isa = PBXGroup;
			children = (
				3433FB791FBB1D3100FAF429 /* lets_go_shoppingUITests.m */,
				3433FB7B1FBB1D3100FAF429 /* Info.plist */,
			);
			path = "lets go shoppingUITests";
			sourceTree = "<group>";
		};
/* End PBXGroup section */

/* Begin PBXNativeTarget section */
		3433FB511FBB1D3000FAF429 /* lets go shopping */ = {
			isa = PBXNativeTarget;
			buildConfigurationList = 3433FB7E1FBB1D3100FAF429 /* Build configuration list for PBXNativeTarget "lets go shopping" */;
			buildPhases = (
				3433FB4E1FBB1D3000FAF429 /* Sources */,
				3433FB4F1FBB1D3000FAF429 /* Frameworks */,
				3433FB501FBB1D3000FAF429 /* Resources */,
			);
			buildRules = (
			);
			dependencies = (
			);
			name = "lets go shopping";
			productName = "lets go shopping";
			productReference = 3433FB521FBB1D3000FAF429 /* lets go shopping.app */;
			productType = "com.apple.product-type.application";
		};
		3433FB691FBB1D3100FAF429 /* lets go shoppingTests */ = {
			isa = PBXNativeTarget;
			buildConfigurationList = 3433FB811FBB1D3100FAF429 /* Build configuration list for PBXNativeTarget "lets go shoppingTests" */;
			buildPhases = (
				3433FB661FBB1D3100FAF429 /* Sources */,
				3433FB671FBB1D3100FAF429 /* Frameworks */,
				3433FB681FBB1D3100FAF429 /* Resources */,
			);
			buildRules = (
			);
			dependencies = (
				3433FB6C1FBB1D3100FAF429 /* PBXTargetDependency */,
			);
			name = "lets go shoppingTests";
			productName = "lets go shoppingTests";
			productReference = 3433FB6A1FBB1D3100FAF429 /* lets go shoppingTests.xctest */;
			productType = "com.apple.product-type.bundle.unit-test";
		};
		3433FB741FBB1D3100FAF429 /* lets go shoppingUITests */ = {
			isa = PBXNativeTarget;
			buildConfigurationList = 3433FB841FBB1D3100FAF429 /* Build configuration list for PBXNativeTarget "lets go shoppingUITests" */;
			buildPhases = (
				3433FB711FBB1D3100FAF429 /* Sources */,
				3433FB721FBB1D3100FAF429 /* Frameworks */,
				3433FB731FBB1D3100FAF429 /* Resources */,
			);
			buildRules = (
			);
			dependencies = (
				3433FB771FBB1D3100FAF429 /* PBXTargetDependency */,
			);
			name = "lets go shoppingUITests";
			productName = "lets go shoppingUITests";
			productReference = 3433FB751FBB1D3100FAF429 /* lets go shoppingUITests.xctest */;
			productType = "com.apple.product-type.bundle.ui-testing";
		};
/* End PBXNativeTarget section */

/* Begin PBXProject section */
		3433FB4A1FBB1D3000FAF429 /* Project object */ = {
			isa = PBXProject;
			attributes = {
				LastUpgradeCheck = 0900;
				ORGANIZATIONNAME = "Univercity of leeds";
				TargetAttributes = {
					3433FB511FBB1D3000FAF429 = {
						CreatedOnToolsVersion = 9.0.1;
						ProvisioningStyle = Automatic;
					};
					3433FB691FBB1D3100FAF429 = {
						CreatedOnToolsVersion = 9.0.1;
						ProvisioningStyle = Automatic;
						TestTargetID = 3433FB511FBB1D3000FAF429;
					};
					3433FB741FBB1D3100FAF429 = {
						CreatedOnToolsVersion = 9.0.1;
						ProvisioningStyle = Automatic;
						TestTargetID = 3433FB511FBB1D3000FAF429;
					};
				};
			};
			buildConfigurationList = 3433FB4D1FBB1D3000FAF429 /* Build configuration list for PBXProject "lets go shopping" */;
			compatibilityVersion = "Xcode 8.0";
			developmentRegion = en;
			hasScannedForEncodings = 0;
			knownRegions = (
				en,
				Base,
			);
			mainGroup = 3433FB491FBB1D3000FAF429;
			productRefGroup = 3433FB531FBB1D3000FAF429 /* Products */;
			projectDirPath = "";
			projectRoot = "";
			targets = (
				3433FB511FBB1D3000FAF429 /* lets go shopping */,
				3433FB691FBB1D3100FAF429 /* lets go shoppingTests */,
				3433FB741FBB1D3100FAF429 /* lets go shoppingUITests */,
			);
		};
/* End PBXProject section */

/* Begin PBXResourcesBuildPhase section */
		3433FB501FBB1D3000FAF429 /* Resources */ = {
			isa = PBXResourcesBuildPhase;
			buildActionMask = 2147483647;
			files = (
				3433FB621FBB1D3000FAF429 /* LaunchScreen.storyboard in Resources */,
				3433FB5F1FBB1D3000FAF429 /* Assets.xcassets in Resources */,
				3433FB5D1FBB1D3000FAF429 /* Main.storyboard in Resources */,
			);
			runOnlyForDeploymentPostprocessing = 0;
		};
		3433FB681FBB1D3100FAF429 /* Resources */ = {
			isa = PBXResourcesBuildPhase;
			buildActionMask = 2147483647;
			files = (
			);
			runOnlyForDeploymentPostprocessing = 0;
		};
		3433FB731FBB1D3100FAF429 /* Resources */ = {
			isa = PBXResourcesBuildPhase;
			buildActionMask = 2147483647;
			files = (
			);
			runOnlyForDeploymentPostprocessing = 0;
		};
/* End PBXResourcesBuildPhase section */

/* Begin PBXSourcesBuildPhase section */
		3433FB4E1FBB1D3000FAF429 /* Sources */ = {
			isa = PBXSourcesBuildPhase;
			buildActionMask = 2147483647;
			files = (
				3472AF1A1FD9B78000929B65 /* ViewControllerAddRecpieItemsToShoppingList.m in Sources */,
				3433FB5A1FBB1D3000FAF429 /* ViewController.m in Sources */,
				3472AF201FD9C44900929B65 /* RecpieDataModel.m in Sources */,
				3433FB651FBB1D3000FAF429 /* main.m in Sources */,
				340182BA1FD99F4A009EC66D /* ViewControllerEditRecpie.m in Sources */,
				340182C01FD9A4B7009EC66D /* ViewControllerEditRecpieName.m in Sources */,
				349217961FD8920A0040D7AB /* ViewControllerShoppingListItemDetails.m in Sources */,
				340182BD1FD9A1A7009EC66D /* ViewControllerEditRecpieItems.m in Sources */,
				3472AF1D1FD9C43100929B65 /* RecpieModule.m in Sources */,
				340182B41FD9960B009EC66D /* ShoppingListModule.m in Sources */,
				340182B71FD99625009EC66D /* ShoppingListDataModel.m in Sources */,
				349217931FD882590040D7AB /* ViewControllerShoppingList.m in Sources */,
				3433FB571FBB1D3000FAF429 /* AppDelegate.m in Sources */,
			);
			runOnlyForDeploymentPostprocessing = 0;
		};
		3433FB661FBB1D3100FAF429 /* Sources */ = {
			isa = PBXSourcesBuildPhase;
			buildActionMask = 2147483647;
			files = (
				3433FB6F1FBB1D3100FAF429 /* lets_go_shoppingTests.m in Sources */,
			);
			runOnlyForDeploymentPostprocessing = 0;
		};
		3433FB711FBB1D3100FAF429 /* Sources */ = {
			isa = PBXSourcesBuildPhase;
			buildActionMask = 2147483647;
			files = (
				3433FB7A1FBB1D3100FAF429 /* lets_go_shoppingUITests.m in Sources */,
			);
			runOnlyForDeploymentPostprocessing = 0;
		};
/* End PBXSourcesBuildPhase section */

/* Begin PBXTargetDependency section */
		3433FB6C1FBB1D3100FAF429 /* PBXTargetDependency */ = {
			isa = PBXTargetDependency;
			target = 3433FB511FBB1D3000FAF429 /* lets go shopping */;
			targetProxy = 3433FB6B1FBB1D3100FAF429 /* PBXContainerItemProxy */;
		};
		3433FB771FBB1D3100FAF429 /* PBXTargetDependency */ = {
			isa = PBXTargetDependency;
			target = 3433FB511FBB1D3000FAF429 /* lets go shopping */;
			targetProxy = 3433FB761FBB1D3100FAF429 /* PBXContainerItemProxy */;
		};
/* End PBXTargetDependency section */

/* Begin PBXVariantGroup section */
		3433FB5B1FBB1D3000FAF429 /* Main.storyboard */ = {
			isa = PBXVariantGroup;
			children = (
				3433FB5C1FBB1D3000FAF429 /* Base */,
			);
			name = Main.storyboard;
			sourceTree = "<group>";
		};
		3433FB601FBB1D3000FAF429 /* LaunchScreen.storyboard */ = {
			isa = PBXVariantGroup;
			children = (
				3433FB611FBB1D3000FAF429 /* Base */,
			);
			name = LaunchScreen.storyboard;
			sourceTree = "<group>";
		};
/* End PBXVariantGroup section */

/* Begin XCBuildConfiguration section */
		3433FB7C1FBB1D3100FAF429 /* Debug */ = {
			isa = XCBuildConfiguration;
			buildSettings = {
				ALWAYS_SEARCH_USER_PATHS = NO;
				CLANG_ANALYZER_NONNULL = YES;
				CLANG_ANALYZER_NUMBER_OBJECT_CONVERSION = YES_AGGRESSIVE;
				CLANG_CXX_LANGUAGE_STANDARD = "gnu++14";
				CLANG_CXX_LIBRARY = "libc++";
				CLANG_ENABLE_MODULES = YES;
				CLANG_ENABLE_OBJC_ARC = YES;
				CLANG_WARN_BLOCK_CAPTURE_AUTORELEASING = YES;
				CLANG_WARN_BOOL_CONVERSION = YES;
				CLANG_WARN_COMMA = YES;
				CLANG_WARN_CONSTANT_CONVERSION = YES;
				CLANG_WARN_DIRECT_OBJC_ISA_USAGE = YES_ERROR;
				CLANG_WARN_DOCUMENTATION_COMMENTS = YES;
				CLANG_WARN_EMPTY_BODY = YES;
				CLANG_WARN_ENUM_CONVERSION = YES;
				CLANG_WARN_INFINITE_RECURSION = YES;
				CLANG_WARN_INT_CONVERSION = YES;
				CLANG_WARN_NON_LITERAL_NULL_CONVERSION = YES;
				CLANG_WARN_OBJC_LITERAL_CONVERSION = YES;
				CLANG_WARN_OBJC_ROOT_CLASS = YES_ERROR;
				CLANG_WARN_RANGE_LOOP_ANALYSIS = YES;
				CLANG_WARN_STRICT_PROTOTYPES = YES;
				CLANG_WARN_SUSPICIOUS_MOVE = YES;
				CLANG_WARN_UNGUARDED_AVAILABILITY = YES_AGGRESSIVE;
				CLANG_WARN_UNREACHABLE_CODE = YES;
				CLANG_WARN__DUPLICATE_METHOD_MATCH = YES;
				CODE_SIGN_IDENTITY = "iPhone Developer";
				COPY_PHASE_STRIP = NO;
				DEBUG_INFORMATION_FORMAT = dwarf;
				ENABLE_STRICT_OBJC_MSGSEND = YES;
				ENABLE_TESTABILITY = YES;
				GCC_C_LANGUAGE_STANDARD = gnu11;
				GCC_DYNAMIC_NO_PIC = NO;
				GCC_NO_COMMON_BLOCKS = YES;
				GCC_OPTIMIZATION_LEVEL = 0;
				GCC_PREPROCESSOR_DEFINITIONS = (
					"DEBUG=1",
					"$(inherited)",
				);
				GCC_WARN_64_TO_32_BIT_CONVERSION = YES;
				GCC_WARN_ABOUT_RETURN_TYPE = YES_ERROR;
				GCC_WARN_UNDECLARED_SELECTOR = YES;
				GCC_WARN_UNINITIALIZED_AUTOS = YES_AGGRESSIVE;
				GCC_WARN_UNUSED_FUNCTION = YES;
				GCC_WARN_UNUSED_VARIABLE = YES;
				IPHONEOS_DEPLOYMENT_TARGET = 11.0;
				MTL_ENABLE_DEBUG_INFO = YES;
				ONLY_ACTIVE_ARCH = YES;
				SDKROOT = iphoneos;
			};
			name = Debug;
		};
		3433FB7D1FBB1D3100FAF429 /* Release */ = {
			isa = XCBuildConfiguration;
			buildSettings = {
				ALWAYS_SEARCH_USER_PATHS = NO;
				CLANG_ANALYZER_NONNULL = YES;
				CLANG_ANALYZER_NUMBER_OBJECT_CONVERSION = YES_AGGRESSIVE;
				CLANG_CXX_LANGUAGE_STANDARD = "gnu++14";
				CLANG_CXX_LIBRARY = "libc++";
				CLANG_ENABLE_MODULES = YES;
				CLANG_ENABLE_OBJC_ARC = YES;
				CLANG_WARN_BLOCK_CAPTURE_AUTORELEASING = YES;
				CLANG_WARN_BOOL_CONVERSION = YES;
				CLANG_WARN_COMMA = YES;
				CLANG_WARN_CONSTANT_CONVERSION = YES;
				CLANG_WARN_DIRECT_OBJC_ISA_USAGE = YES_ERROR;
				CLANG_WARN_DOCUMENTATION_COMMENTS = YES;
				CLANG_WARN_EMPTY_BODY = YES;
				CLANG_WARN_ENUM_CONVERSION = YES;
				CLANG_WARN_INFINITE_RECURSION = YES;
				CLANG_WARN_INT_CONVERSION = YES;
				CLANG_WARN_NON_LITERAL_NULL_CONVERSION = YES;
				CLANG_WARN_OBJC_LITERAL_CONVERSION = YES;
				CLANG_WARN_OBJC_ROOT_CLASS = YES_ERROR;
				CLANG_WARN_RANGE_LOOP_ANALYSIS = YES;
				CLANG_WARN_STRICT_PROTOTYPES = YES;
				CLANG_WARN_SUSPICIOUS_MOVE = YES;
				CLANG_WARN_UNGUARDED_AVAILABILITY = YES_AGGRESSIVE;
				CLANG_WARN_UNREACHABLE_CODE = YES;
				CLANG_WARN__DUPLICATE_METHOD_MATCH = YES;
				CODE_SIGN_IDENTITY = "iPhone Developer";
				COPY_PHASE_STRIP = NO;
				DEBUG_INFORMATION_FORMAT = "dwarf-with-dsym";
				ENABLE_NS_ASSERTIONS = NO;
				ENABLE_STRICT_OBJC_MSGSEND = YES;
				GCC_C_LANGUAGE_STANDARD = gnu11;
				GCC_NO_COMMON_BLOCKS = YES;
				GCC_WARN_64_TO_32_BIT_CONVERSION = YES;
				GCC_WARN_ABOUT_RETURN_TYPE = YES_ERROR;
				GCC_WARN_UNDECLARED_SELECTOR = YES;
				GCC_WARN_UNINITIALIZED_AUTOS = YES_AGGRESSIVE;
				GCC_WARN_UNUSED_FUNCTION = YES;
				GCC_WARN_UNUSED_VARIABLE = YES;
				IPHONEOS_DEPLOYMENT_TARGET = 11.0;
				MTL_ENABLE_DEBUG_INFO = NO;
				SDKROOT = iphoneos;
				VALIDATE_PRODUCT = YES;
			};
			name = Release;
		};
		3433FB7F1FBB1D3100FAF429 /* Debug */ = {
			isa = XCBuildConfiguration;
			buildSettings = {
				ASSETCATALOG_COMPILER_APPICON_NAME = AppIcon;
				CODE_SIGN_STYLE = Automatic;
				INFOPLIST_FILE = "lets go shopping/Info.plist";
				LD_RUNPATH_SEARCH_PATHS = "$(inherited) @executable_path/Frameworks";
				PRODUCT_BUNDLE_IDENTIFIER = "uk.ac.uk.lets-go-shopping";
				PRODUCT_NAME = "$(TARGET_NAME)";
				TARGETED_DEVICE_FAMILY = "1,2";
			};
			name = Debug;
		};
		3433FB801FBB1D3100FAF429 /* Release */ = {
			isa = XCBuildConfiguration;
			buildSettings = {
				ASSETCATALOG_COMPILER_APPICON_NAME = AppIcon;
				CODE_SIGN_STYLE = Automatic;
				INFOPLIST_FILE = "lets go shopping/Info.plist";
				LD_RUNPATH_SEARCH_PATHS = "$(inherited) @executable_path/Frameworks";
				PRODUCT_BUNDLE_IDENTIFIER = "uk.ac.uk.lets-go-shopping";
				PRODUCT_NAME = "$(TARGET_NAME)";
				TARGETED_DEVICE_FAMILY = "1,2";
			};
			name = Release;
		};
		3433FB821FBB1D3100FAF429 /* Debug */ = {
			isa = XCBuildConfiguration;
			buildSettings = {
				BUNDLE_LOADER = "$(TEST_HOST)";
				CODE_SIGN_STYLE = Automatic;
				INFOPLIST_FILE = "lets go shoppingTests/Info.plist";
				LD_RUNPATH_SEARCH_PATHS = "$(inherited) @executable_path/Frameworks @loader_path/Frameworks";
				PRODUCT_BUNDLE_IDENTIFIER = "uk.ac.uk.lets-go-shoppingTests";
				PRODUCT_NAME = "$(TARGET_NAME)";
				TARGETED_DEVICE_FAMILY = "1,2";
				TEST_HOST = "$(BUILT_PRODUCTS_DIR)/lets go shopping.app/lets go shopping";
			};
			name = Debug;
		};
		3433FB831FBB1D3100FAF429 /* Release */ = {
			isa = XCBuildConfiguration;
			buildSettings = {
				BUNDLE_LOADER = "$(TEST_HOST)";
				CODE_SIGN_STYLE = Automatic;
				INFOPLIST_FILE = "lets go shoppingTests/Info.plist";
				LD_RUNPATH_SEARCH_PATHS = "$(inherited) @executable_path/Frameworks @loader_path/Frameworks";
				PRODUCT_BUNDLE_IDENTIFIER = "uk.ac.uk.lets-go-shoppingTests";
				PRODUCT_NAME = "$(TARGET_NAME)";
				TARGETED_DEVICE_FAMILY = "1,2";
				TEST_HOST = "$(BUILT_PRODUCTS_DIR)/lets go shopping.app/lets go shopping";
			};
			name = Release;
		};
		3433FB851FBB1D3100FAF429 /* Debug */ = {
			isa = XCBuildConfiguration;
			buildSettings = {
				CODE_SIGN_STYLE = Automatic;
				INFOPLIST_FILE = "lets go shoppingUITests/Info.plist";
				LD_RUNPATH_SEARCH_PATHS = "$(inherited) @executable_path/Frameworks @loader_path/Frameworks";
				PRODUCT_BUNDLE_IDENTIFIER = "uk.ac.uk.lets-go-shoppingUITests";
				PRODUCT_NAME = "$(TARGET_NAME)";
				TARGETED_DEVICE_FAMILY = "1,2";
				TEST_TARGET_NAME = "lets go shopping";
			};
			name = Debug;
		};
		3433FB861FBB1D3100FAF429 /* Release */ = {
			isa = XCBuildConfiguration;
			buildSettings = {
				CODE_SIGN_STYLE = Automatic;
				INFOPLIST_FILE = "lets go shoppingUITests/Info.plist";
				LD_RUNPATH_SEARCH_PATHS = "$(inherited) @executable_path/Frameworks @loader_path/Frameworks";
				PRODUCT_BUNDLE_IDENTIFIER = "uk.ac.uk.lets-go-shoppingUITests";
				PRODUCT_NAME = "$(TARGET_NAME)";
				TARGETED_DEVICE_FAMILY = "1,2";
				TEST_TARGET_NAME = "lets go shopping";
			};
			name = Release;
		};
/* End XCBuildConfiguration section */

/* Begin XCConfigurationList section */
		3433FB4D1FBB1D3000FAF429 /* Build configuration list for PBXProject "lets go shopping" */ = {
			isa = XCConfigurationList;
			buildConfigurations = (
				3433FB7C1FBB1D3100FAF429 /* Debug */,
				3433FB7D1FBB1D3100FAF429 /* Release */,
			);
			defaultConfigurationIsVisible = 0;
			defaultConfigurationName = Release;
		};
		3433FB7E1FBB1D3100FAF429 /* Build configuration list for PBXNativeTarget "lets go shopping" */ = {
			isa = XCConfigurationList;
			buildConfigurations = (
				3433FB7F1FBB1D3100FAF429 /* Debug */,
				3433FB801FBB1D3100FAF429 /* Release */,
			);
			defaultConfigurationIsVisible = 0;
			defaultConfigurationName = Release;
		};
		3433FB811FBB1D3100FAF429 /* Build configuration list for PBXNativeTarget "lets go shoppingTests" */ = {
			isa = XCConfigurationList;
			buildConfigurations = (
				3433FB821FBB1D3100FAF429 /* Debug */,
				3433FB831FBB1D3100FAF429 /* Release */,
			);
			defaultConfigurationIsVisible = 0;
			defaultConfigurationName = Release;
		};
		3433FB841FBB1D3100FAF429 /* Build configuration list for PBXNativeTarget "lets go shoppingUITests" */ = {
			isa = XCConfigurationList;
			buildConfigurations = (
				3433FB851FBB1D3100FAF429 /* Debug */,
				3433FB861FBB1D3100FAF429 /* Release */,
			);
			defaultConfigurationIsVisible = 0;
			defaultConfigurationName = Release;
		};
/* End XCConfigurationList section */
	};
	rootObject = 3433FB4A1FBB1D3000FAF429 /* Project object */;
}
